// !$*UTF8*$!
{
	archiveVersion = 1;
	classes = {
	};
	objectVersion = 50;
	objects = {

/* Begin PBXBuildFile section */
		DA0EBA542648B9B500673EC8 /* AppDelegate.swift in Sources */ = {isa = PBXBuildFile; fileRef = DA0EBA532648B9B500673EC8 /* AppDelegate.swift */; };
		DA0EBA562648B9B500673EC8 /* SceneDelegate.swift in Sources */ = {isa = PBXBuildFile; fileRef = DA0EBA552648B9B500673EC8 /* SceneDelegate.swift */; };
		DA0EBA582648B9B500673EC8 /* ViewController.swift in Sources */ = {isa = PBXBuildFile; fileRef = DA0EBA572648B9B500673EC8 /* ViewController.swift */; };
		DA0EBA5B2648B9B500673EC8 /* Main.storyboard in Resources */ = {isa = PBXBuildFile; fileRef = DA0EBA592648B9B500673EC8 /* Main.storyboard */; };
		DA0EBA5E2648B9B500673EC8 /* NewPink.xcdatamodeld in Sources */ = {isa = PBXBuildFile; fileRef = DA0EBA5C2648B9B500673EC8 /* NewPink.xcdatamodeld */; };
		DA0EBA602648B9B600673EC8 /* Assets.xcassets in Resources */ = {isa = PBXBuildFile; fileRef = DA0EBA5F2648B9B600673EC8 /* Assets.xcassets */; };
		DA0EBA632648B9B600673EC8 /* LaunchScreen.storyboard in Resources */ = {isa = PBXBuildFile; fileRef = DA0EBA612648B9B600673EC8 /* LaunchScreen.storyboard */; };
/* End PBXBuildFile section */

/* Begin PBXFileReference section */
		DA0EBA502648B9B500673EC8 /* NewPink.app */ = {isa = PBXFileReference; explicitFileType = wrapper.application; includeInIndex = 0; path = NewPink.app; sourceTree = BUILT_PRODUCTS_DIR; };
		DA0EBA532648B9B500673EC8 /* AppDelegate.swift */ = {isa = PBXFileReference; lastKnownFileType = sourcecode.swift; path = AppDelegate.swift; sourceTree = "<group>"; };
		DA0EBA552648B9B500673EC8 /* SceneDelegate.swift */ = {isa = PBXFileReference; lastKnownFileType = sourcecode.swift; path = SceneDelegate.swift; sourceTree = "<group>"; };
		DA0EBA572648B9B500673EC8 /* ViewController.swift */ = {isa = PBXFileReference; lastKnownFileType = sourcecode.swift; path = ViewController.swift; sourceTree = "<group>"; };
		DA0EBA5A2648B9B500673EC8 /* Base */ = {isa = PBXFileReference; lastKnownFileType = file.storyboard; name = Base; path = Base.lproj/Main.storyboard; sourceTree = "<group>"; };
		DA0EBA5D2648B9B500673EC8 /* NewPink.xcdatamodel */ = {isa = PBXFileReference; lastKnownFileType = wrapper.xcdatamodel; path = NewPink.xcdatamodel; sourceTree = "<group>"; };
		DA0EBA5F2648B9B600673EC8 /* Assets.xcassets */ = {isa = PBXFileReference; lastKnownFileType = folder.assetcatalog; path = Assets.xcassets; sourceTree = "<group>"; };
		DA0EBA622648B9B600673EC8 /* Base */ = {isa = PBXFileReference; lastKnownFileType = file.storyboard; name = Base; path = Base.lproj/LaunchScreen.storyboard; sourceTree = "<group>"; };
		DA0EBA642648B9B600673EC8 /* Info.plist */ = {isa = PBXFileReference; lastKnownFileType = text.plist.xml; path = Info.plist; sourceTree = "<group>"; };
/* End PBXFileReference section */

/* Begin PBXFrameworksBuildPhase section */
		DA0EBA4D2648B9B500673EC8 /* Frameworks */ = {
			isa = PBXFrameworksBuildPhase;
			buildActionMask = 2147483647;
			files = (
			);
			runOnlyForDeploymentPostprocessing = 0;
		};
/* End PBXFrameworksBuildPhase section */

/* Begin PBXGroup section */
		DA0EBA472648B9B500673EC8 = {
			isa = PBXGroup;
			children = (
				DA0EBA522648B9B500673EC8 /* NewPink */,
				DA0EBA512648B9B500673EC8 /* Products */,
			);
			sourceTree = "<group>";
		};
		DA0EBA512648B9B500673EC8 /* Products */ = {
			isa = PBXGroup;
			children = (
				DA0EBA502648B9B500673EC8 /* NewPink.app */,
			);
			name = Products;
			sourceTree = "<group>";
		};
		DA0EBA522648B9B500673EC8 /* NewPink */ = {
			isa = PBXGroup;
			children = (
				DA0EBA532648B9B500673EC8 /* AppDelegate.swift */,
				DA0EBA552648B9B500673EC8 /* SceneDelegate.swift */,
				DA0EBA572648B9B500673EC8 /* ViewController.swift */,
				DA0EBA592648B9B500673EC8 /* Main.storyboard */,
				DA0EBA5F2648B9B600673EC8 /* Assets.xcassets */,
				DA0EBA612648B9B600673EC8 /* LaunchScreen.storyboard */,
				DA0EBA642648B9B600673EC8 /* Info.plist */,
				DA0EBA5C2648B9B500673EC8 /* NewPink.xcdatamodeld */,
			);
			path = NewPink;
			sourceTree = "<group>";
		};
/* End PBXGroup section */

/* Begin PBXNativeTarget section */
		DA0EBA4F2648B9B500673EC8 /* NewPink */ = {
			isa = PBXNativeTarget;
			buildConfigurationList = DA0EBA672648B9B600673EC8 /* Build configuration list for PBXNativeTarget "NewPink" */;
			buildPhases = (
				DA0EBA4C2648B9B500673EC8 /* Sources */,
				DA0EBA4D2648B9B500673EC8 /* Frameworks */,
				DA0EBA4E2648B9B500673EC8 /* Resources */,
			);
			buildRules = (
			);
			dependencies = (
			);
			name = NewPink;
			productName = NewPink;
			productReference = DA0EBA502648B9B500673EC8 /* NewPink.app */;
			productType = "com.apple.product-type.application";
		};
/* End PBXNativeTarget section */

/* Begin PBXProject section */
		DA0EBA482648B9B500673EC8 /* Project object */ = {
			isa = PBXProject;
			attributes = {
				LastSwiftUpdateCheck = 1250;
				LastUpgradeCheck = 1250;
				TargetAttributes = {
					DA0EBA4F2648B9B500673EC8 = {
						CreatedOnToolsVersion = 12.5;
					};
				};
			};
			buildConfigurationList = DA0EBA4B2648B9B500673EC8 /* Build configuration list for PBXProject "NewPink" */;
			compatibilityVersion = "Xcode 9.3";
			developmentRegion = en;
			hasScannedForEncodings = 0;
			knownRegions = (
				en,
				Base,
			);
			mainGroup = DA0EBA472648B9B500673EC8;
			productRefGroup = DA0EBA512648B9B500673EC8 /* Products */;
			projectDirPath = "";
			projectRoot = "";
			targets = (
				DA0EBA4F2648B9B500673EC8 /* NewPink */,
			);
		};
/* End PBXProject section */

/* Begin PBXResourcesBuildPhase section */
		DA0EBA4E2648B9B500673EC8 /* Resources */ = {
			isa = PBXResourcesBuildPhase;
			buildActionMask = 2147483647;
			files = (
				DA0EBA632648B9B600673EC8 /* LaunchScreen.storyboard in Resources */,
				DA0EBA602648B9B600673EC8 /* Assets.xcassets in Resources */,
				DA0EBA5B2648B9B500673EC8 /* Main.storyboard in Resources */,
			);
			runOnlyForDeploymentPostprocessing = 0;
		};
/* End PBXResourcesBuildPhase section */

/* Begin PBXSourcesBuildPhase section */
		DA0EBA4C2648B9B500673EC8 /* Sources */ = {
			isa = PBXSourcesBuildPhase;
			buildActionMask = 2147483647;
			files = (
				DA0EBA5E2648B9B500673EC8 /* NewPink.xcdatamodeld in Sources */,
				DA0EBA582648B9B500673EC8 /* ViewController.swift in Sources */,
				DA0EBA542648B9B500673EC8 /* AppDelegate.swift in Sources */,
				DA0EBA562648B9B500673EC8 /* SceneDelegate.swift in Sources */,
			);
			runOnlyForDeploymentPostprocessing = 0;
		};
/* End PBXSourcesBuildPhase section */

/* Begin PBXVariantGroup section */
		DA0EBA592648B9B500673EC8 /* Main.storyboard */ = {
			isa = PBXVariantGroup;
			children = (
				DA0EBA5A2648B9B500673EC8 /* Base */,
			);
			name = Main.storyboard;
			sourceTree = "<group>";
		};
		DA0EBA612648B9B600673EC8 /* LaunchScreen.storyboard */ = {
			isa = PBXVariantGroup;
			children = (
				DA0EBA622648B9B600673EC8 /* Base */,
			);
			name = LaunchScreen.storyboard;
			sourceTree = "<group>";
		};
/* End PBXVariantGroup section */

/* Begin XCBuildConfiguration section */
		DA0EBA652648B9B600673EC8 /* Debug */ = {
			isa = XCBuildConfiguration;
			buildSettings = {
				ALWAYS_SEARCH_USER_PATHS = NO;
				CLANG_ANALYZER_NONNULL = YES;
				CLANG_ANALYZER_NUMBER_OBJECT_CONVERSION = YES_AGGRESSIVE;
				CLANG_CXX_LANGUAGE_STANDARD = "gnu++14";
				CLANG_CXX_LIBRARY = "libc++";
				CLANG_ENABLE_MODULES = YES;
				CLANG_ENABLE_OBJC_ARC = YES;
				CLANG_ENABLE_OBJC_WEAK = YES;
				CLANG_WARN_BLOCK_CAPTURE_AUTORELEASING = YES;
				CLANG_WARN_BOOL_CONVERSION = YES;
				CLANG_WARN_COMMA = YES;
				CLANG_WARN_CONSTANT_CONVERSION = YES;
				CLANG_WARN_DEPRECATED_OBJC_IMPLEMENTATIONS = YES;
				CLANG_WARN_DIRECT_OBJC_ISA_USAGE = YES_ERROR;
				CLANG_WARN_DOCUMENTATION_COMMENTS = YES;
				CLANG_WARN_EMPTY_BODY = YES;
				CLANG_WARN_ENUM_CONVERSION = YES;
				CLANG_WARN_INFINITE_RECURSION = YES;
				CLANG_WARN_INT_CONVERSION = YES;
				CLANG_WARN_NON_LITERAL_NULL_CONVERSION = YES;
				CLANG_WARN_OBJC_IMPLICIT_RETAIN_SELF = YES;
				CLANG_WARN_OBJC_LITERAL_CONVERSION = YES;
				CLANG_WARN_OBJC_ROOT_CLASS = YES_ERROR;
				CLANG_WARN_QUOTED_INCLUDE_IN_FRAMEWORK_HEADER = YES;
				CLANG_WARN_RANGE_LOOP_ANALYSIS = YES;
				CLANG_WARN_STRICT_PROTOTYPES = YES;
				CLANG_WARN_SUSPICIOUS_MOVE = YES;
				CLANG_WARN_UNGUARDED_AVAILABILITY = YES_AGGRESSIVE;
				CLANG_WARN_UNREACHABLE_CODE = YES;
				CLANG_WARN__DUPLICATE_METHOD_MATCH = YES;
				COPY_PHASE_STRIP = NO;
				DEBUG_INFORMATION_FORMAT = dwarf;
				ENABLE_STRICT_OBJC_MSGSEND = YES;
				ENABLE_TESTABILITY = YES;
				GCC_C_LANGUAGE_STANDARD = gnu11;
				GCC_DYNAMIC_NO_PIC = NO;
				GCC_NO_COMMON_BLOCKS = YES;
				GCC_OPTIMIZATION_LEVEL = 0;
				GCC_PREPROCESSOR_DEFINITIONS = (
					"DEBUG=1",
					"$(inherited)",
				);
				GCC_WARN_64_TO_32_BIT_CONVERSION = YES;
				GCC_WARN_ABOUT_RETURN_TYPE = YES_ERROR;
				GCC_WARN_UNDECLARED_SELECTOR = YES;
				GCC_WARN_UNINITIALIZED_AUTOS = YES_AGGRESSIVE;
				GCC_WARN_UNUSED_FUNCTION = YES;
				GCC_WARN_UNUSED_VARIABLE = YES;
				IPHONEOS_DEPLOYMENT_TARGET = 14.5;
				MTL_ENABLE_DEBUG_INFO = INCLUDE_SOURCE;
				MTL_FAST_MATH = YES;
				ONLY_ACTIVE_ARCH = YES;
				SDKROOT = iphoneos;
				SWIFT_ACTIVE_COMPILATION_CONDITIONS = DEBUG;
				SWIFT_OPTIMIZATION_LEVEL = "-Onone";
			};
			name = Debug;
		};
		DA0EBA662648B9B600673EC8 /* Release */ = {
			isa = XCBuildConfiguration;
			buildSettings = {
				ALWAYS_SEARCH_USER_PATHS = NO;
				CLANG_ANALYZER_NONNULL = YES;
				CLANG_ANALYZER_NUMBER_OBJECT_CONVERSION = YES_AGGRESSIVE;
				CLANG_CXX_LANGUAGE_STANDARD = "gnu++14";
				CLANG_CXX_LIBRARY = "libc++";
				CLANG_ENABLE_MODULES = YES;
				CLANG_ENABLE_OBJC_ARC = YES;
				CLANG_ENABLE_OBJC_WEAK = YES;
				CLANG_WARN_BLOCK_CAPTURE_AUTORELEASING = YES;
				CLANG_WARN_BOOL_CONVERSION = YES;
				CLANG_WARN_COMMA = YES;
				CLANG_WARN_CONSTANT_CONVERSION = YES;
				CLANG_WARN_DEPRECATED_OBJC_IMPLEMENTATIONS = YES;
				CLANG_WARN_DIRECT_OBJC_ISA_USAGE = YES_ERROR;
				CLANG_WARN_DOCUMENTATION_COMMENTS = YES;
				CLANG_WARN_EMPTY_BODY = YES;
				CLANG_WARN_ENUM_CONVERSION = YES;
				CLANG_WARN_INFINITE_RECURSION = YES;
				CLANG_WARN_INT_CONVERSION = YES;
				CLANG_WARN_NON_LITERAL_NULL_CONVERSION = YES;
				CLANG_WARN_OBJC_IMPLICIT_RETAIN_SELF = YES;
				CLANG_WARN_OBJC_LITERAL_CONVERSION = YES;
				CLANG_WARN_OBJC_ROOT_CLASS = YES_ERROR;
				CLANG_WARN_QUOTED_INCLUDE_IN_FRAMEWORK_HEADER = YES;
				CLANG_WARN_RANGE_LOOP_ANALYSIS = YES;
				CLANG_WARN_STRICT_PROTOTYPES = YES;
				CLANG_WARN_SUSPICIOUS_MOVE = YES;
				CLANG_WARN_UNGUARDED_AVAILABILITY = YES_AGGRESSIVE;
				CLANG_WARN_UNREACHABLE_CODE = YES;
				CLANG_WARN__DUPLICATE_METHOD_MATCH = YES;
				COPY_PHASE_STRIP = NO;
				DEBUG_INFORMATION_FORMAT = "dwarf-with-dsym";
				ENABLE_NS_ASSERTIONS = NO;
				ENABLE_STRICT_OBJC_MSGSEND = YES;
				GCC_C_LANGUAGE_STANDARD = gnu11;
				GCC_NO_COMMON_BLOCKS = YES;
				GCC_WARN_64_TO_32_BIT_CONVERSION = YES;
				GCC_WARN_ABOUT_RETURN_TYPE = YES_ERROR;
				GCC_WARN_UNDECLARED_SELECTOR = YES;
				GCC_WARN_UNINITIALIZED_AUTOS = YES_AGGRESSIVE;
				GCC_WARN_UNUSED_FUNCTION = YES;
				GCC_WARN_UNUSED_VARIABLE = YES;
				IPHONEOS_DEPLOYMENT_TARGET = 14.5;
				MTL_ENABLE_DEBUG_INFO = NO;
				MTL_FAST_MATH = YES;
				SDKROOT = iphoneos;
				SWIFT_COMPILATION_MODE = wholemodule;
				SWIFT_OPTIMIZATION_LEVEL = "-O";
				VALIDATE_PRODUCT = YES;
			};
			name = Release;
		};
		DA0EBA682648B9B600673EC8 /* Debug */ = {
			isa = XCBuildConfiguration;
			buildSettings = {
				ASSETCATALOG_COMPILER_APPICON_NAME = AppIcon;
				ASSETCATALOG_COMPILER_GLOBAL_ACCENT_COLOR_NAME = AccentColor;
				CODE_SIGN_STYLE = Automatic;
				DEVELOPMENT_TEAM = 4382UUDHW6;
				INFOPLIST_FILE = NewPink/Info.plist;
				LD_RUNPATH_SEARCH_PATHS = (
					"$(inherited)",
					"@executable_path/Frameworks",
				);
				PRODUCT_BUNDLE_IDENTIFIER = "zsysaber-yahoo.co.jp.NewPink";
				PRODUCT_NAME = "$(TARGET_NAME)";
				SWIFT_VERSION = 5.0;
				TARGETED_DEVICE_FAMILY = "1,2";
			};
			name = Debug;
		};
		DA0EBA692648B9B600673EC8 /* Release */ = {
			isa = XCBuildConfiguration;
			buildSettings = {
				ASSETCATALOG_COMPILER_APPICON_NAME = AppIcon;
				ASSETCATALOG_COMPILER_GLOBAL_ACCENT_COLOR_NAME = AccentColor;
				CODE_SIGN_STYLE = Automatic;
				DEVELOPMENT_TEAM = 4382UUDHW6;
				INFOPLIST_FILE = NewPink/Info.plist;
				LD_RUNPATH_SEARCH_PATHS = (
					"$(inherited)",
					"@executable_path/Frameworks",
				);
				PRODUCT_BUNDLE_IDENTIFIER = "zsysaber-yahoo.co.jp.NewPink";
				PRODUCT_NAME = "$(TARGET_NAME)";
				SWIFT_VERSION = 5.0;
				TARGETED_DEVICE_FAMILY = "1,2";
			};
			name = Release;
		};
/* End XCBuildConfiguration section */

/* Begin XCConfigurationList section */
		DA0EBA4B2648B9B500673EC8 /* Build configuration list for PBXProject "NewPink" */ = {
			isa = XCConfigurationList;
			buildConfigurations = (
				DA0EBA652648B9B600673EC8 /* Debug */,
				DA0EBA662648B9B600673EC8 /* Release */,
			);
			defaultConfigurationIsVisible = 0;
			defaultConfigurationName = Release;
		};
		DA0EBA672648B9B600673EC8 /* Build configuration list for PBXNativeTarget "NewPink" */ = {
			isa = XCConfigurationList;
			buildConfigurations = (
				DA0EBA682648B9B600673EC8 /* Debug */,
				DA0EBA692648B9B600673EC8 /* Release */,
			);
			defaultConfigurationIsVisible = 0;
			defaultConfigurationName = Release;
		};
/* End XCConfigurationList section */

/* Begin XCVersionGroup section */
		DA0EBA5C2648B9B500673EC8 /* NewPink.xcdatamodeld */ = {
			isa = XCVersionGroup;
			children = (
				DA0EBA5D2648B9B500673EC8 /* NewPink.xcdatamodel */,
			);
			currentVersion = DA0EBA5D2648B9B500673EC8 /* NewPink.xcdatamodel */;
			path = NewPink.xcdatamodeld;
			sourceTree = "<group>";
			versionGroupType = wrapper.xcdatamodel;
		};
/* End XCVersionGroup section */
	};
	rootObject = DA0EBA482648B9B500673EC8 /* Project object */;
}
